
Microsoft Visual Studio Solution File, Format Version 12.00
# Visual Studio Version 16
VisualStudioVersion = 16.0.31410.357
MinimumVisualStudioVersion = 10.0.40219.1
Project("{FAE04EC0-301F-11D3-BF4B-00C04F79EFBC}") = "problema1142Uri", "problema1142Uri\problema1142Uri.csproj", "{E07E0230-16FD-4D48-9C0F-1A0AC5CD10FA}"
EndProject
Global
	GlobalSection(SolutionConfigurationPlatforms) = preSolution
		Debug|Any CPU = Debug|Any CPU
		Release|Any CPU = Release|Any CPU
	EndGlobalSection
	GlobalSection(ProjectConfigurationPlatforms) = postSolution
		{E07E0230-16FD-4D48-9C0F-1A0AC5CD10FA}.Debug|Any CPU.ActiveCfg = Debug|Any CPU
		{E07E0230-16FD-4D48-9C0F-1A0AC5CD10FA}.Debug|Any CPU.Build.0 = Debug|Any CPU
		{E07E0230-16FD-4D48-9C0F-1A0AC5CD10FA}.Release|Any CPU.ActiveCfg = Release|Any CPU
		{E07E0230-16FD-4D48-9C0F-1A0AC5CD10FA}.Release|Any CPU.Build.0 = Release|Any CPU
	EndGlobalSection
	GlobalSection(SolutionProperties) = preSolution
		HideSolutionNode = FALSE
	EndGlobalSection
	GlobalSection(ExtensibilityGlobals) = postSolution
		SolutionGuid = {961E6A04-893A-49E6-B7B0-BDCF4BFBD602}
	EndGlobalSection
EndGlobal
