
Microsoft Visual Studio Solution File, Format Version 12.00
# Visual Studio Version 16
VisualStudioVersion = 16.0.31410.357
MinimumVisualStudioVersion = 10.0.40219.1
Project("{FAE04EC0-301F-11D3-BF4B-00C04F79EFBC}") = "problema1071Uri", "problema1071Uri\problema1071Uri.csproj", "{1FFFF326-7F73-4CEA-9F98-43024A739958}"
EndProject
Global
	GlobalSection(SolutionConfigurationPlatforms) = preSolution
		Debug|Any CPU = Debug|Any CPU
		Release|Any CPU = Release|Any CPU
	EndGlobalSection
	GlobalSection(ProjectConfigurationPlatforms) = postSolution
		{1FFFF326-7F73-4CEA-9F98-43024A739958}.Debug|Any CPU.ActiveCfg = Debug|Any CPU
		{1FFFF326-7F73-4CEA-9F98-43024A739958}.Debug|Any CPU.Build.0 = Debug|Any CPU
		{1FFFF326-7F73-4CEA-9F98-43024A739958}.Release|Any CPU.ActiveCfg = Release|Any CPU
		{1FFFF326-7F73-4CEA-9F98-43024A739958}.Release|Any CPU.Build.0 = Release|Any CPU
	EndGlobalSection
	GlobalSection(SolutionProperties) = preSolution
		HideSolutionNode = FALSE
	EndGlobalSection
	GlobalSection(ExtensibilityGlobals) = postSolution
		SolutionGuid = {65F8D2A3-67DC-4574-BA97-966EF0196269}
	EndGlobalSection
EndGlobal
