
Microsoft Visual Studio Solution File, Format Version 12.00
# Visual Studio Version 16
VisualStudioVersion = 16.0.31112.23
MinimumVisualStudioVersion = 10.0.40219.1
Project("{FAE04EC0-301F-11D3-BF4B-00C04F79EFBC}") = "problema1014Uri", "problema1014Uri\problema1014Uri.csproj", "{A7D699BA-4EA8-42F5-94C9-8E3914FC6E7A}"
EndProject
Global
	GlobalSection(SolutionConfigurationPlatforms) = preSolution
		Debug|Any CPU = Debug|Any CPU
		Release|Any CPU = Release|Any CPU
	EndGlobalSection
	GlobalSection(ProjectConfigurationPlatforms) = postSolution
		{A7D699BA-4EA8-42F5-94C9-8E3914FC6E7A}.Debug|Any CPU.ActiveCfg = Debug|Any CPU
		{A7D699BA-4EA8-42F5-94C9-8E3914FC6E7A}.Debug|Any CPU.Build.0 = Debug|Any CPU
		{A7D699BA-4EA8-42F5-94C9-8E3914FC6E7A}.Release|Any CPU.ActiveCfg = Release|Any CPU
		{A7D699BA-4EA8-42F5-94C9-8E3914FC6E7A}.Release|Any CPU.Build.0 = Release|Any CPU
	EndGlobalSection
	GlobalSection(SolutionProperties) = preSolution
		HideSolutionNode = FALSE
	EndGlobalSection
	GlobalSection(ExtensibilityGlobals) = postSolution
		SolutionGuid = {0E530FAB-68FE-4395-BB61-57FD8467D430}
	EndGlobalSection
EndGlobal
