
Microsoft Visual Studio Solution File, Format Version 12.00
# Visual Studio Version 17
VisualStudioVersion = 17.1.32328.378
MinimumVisualStudioVersion = 10.0.40219.1
Project("{FAE04EC0-301F-11D3-BF4B-00C04F79EFBC}") = "exercicioProposto08", "exercicioProposto08\exercicioProposto08.csproj", "{52EA266E-A09A-44F1-BD5A-F1694ED3192E}"
EndProject
Global
	GlobalSection(SolutionConfigurationPlatforms) = preSolution
		Debug|Any CPU = Debug|Any CPU
		Release|Any CPU = Release|Any CPU
	EndGlobalSection
	GlobalSection(ProjectConfigurationPlatforms) = postSolution
		{52EA266E-A09A-44F1-BD5A-F1694ED3192E}.Debug|Any CPU.ActiveCfg = Debug|Any CPU
		{52EA266E-A09A-44F1-BD5A-F1694ED3192E}.Debug|Any CPU.Build.0 = Debug|Any CPU
		{52EA266E-A09A-44F1-BD5A-F1694ED3192E}.Release|Any CPU.ActiveCfg = Release|Any CPU
		{52EA266E-A09A-44F1-BD5A-F1694ED3192E}.Release|Any CPU.Build.0 = Release|Any CPU
	EndGlobalSection
	GlobalSection(SolutionProperties) = preSolution
		HideSolutionNode = FALSE
	EndGlobalSection
	GlobalSection(ExtensibilityGlobals) = postSolution
		SolutionGuid = {4E3822D7-3325-471D-B7C2-AD489287EA1D}
	EndGlobalSection
EndGlobal
