
Microsoft Visual Studio Solution File, Format Version 12.00
# Visual Studio Version 17
VisualStudioVersion = 17.1.32319.34
MinimumVisualStudioVersion = 10.0.40219.1
Project("{FAE04EC0-301F-11D3-BF4B-00C04F79EFBC}") = "exercicioProposto05", "exercicioProposto05\exercicioProposto05.csproj", "{B6438E72-A281-47EF-B078-99EF43E5596E}"
EndProject
Global
	GlobalSection(SolutionConfigurationPlatforms) = preSolution
		Debug|Any CPU = Debug|Any CPU
		Release|Any CPU = Release|Any CPU
	EndGlobalSection
	GlobalSection(ProjectConfigurationPlatforms) = postSolution
		{B6438E72-A281-47EF-B078-99EF43E5596E}.Debug|Any CPU.ActiveCfg = Debug|Any CPU
		{B6438E72-A281-47EF-B078-99EF43E5596E}.Debug|Any CPU.Build.0 = Debug|Any CPU
		{B6438E72-A281-47EF-B078-99EF43E5596E}.Release|Any CPU.ActiveCfg = Release|Any CPU
		{B6438E72-A281-47EF-B078-99EF43E5596E}.Release|Any CPU.Build.0 = Release|Any CPU
	EndGlobalSection
	GlobalSection(SolutionProperties) = preSolution
		HideSolutionNode = FALSE
	EndGlobalSection
	GlobalSection(ExtensibilityGlobals) = postSolution
		SolutionGuid = {523920B2-9AC7-419A-8359-9781F50EF454}
	EndGlobalSection
EndGlobal
