
Microsoft Visual Studio Solution File, Format Version 12.00
# Visual Studio Version 16
VisualStudioVersion = 16.0.31410.357
MinimumVisualStudioVersion = 10.0.40219.1
Project("{FAE04EC0-301F-11D3-BF4B-00C04F79EFBC}") = "problema1051Uri", "problema1051Uri\problema1051Uri.csproj", "{D262A180-44B9-4999-BFE8-63584FE8A2A2}"
EndProject
Global
	GlobalSection(SolutionConfigurationPlatforms) = preSolution
		Debug|Any CPU = Debug|Any CPU
		Release|Any CPU = Release|Any CPU
	EndGlobalSection
	GlobalSection(ProjectConfigurationPlatforms) = postSolution
		{D262A180-44B9-4999-BFE8-63584FE8A2A2}.Debug|Any CPU.ActiveCfg = Debug|Any CPU
		{D262A180-44B9-4999-BFE8-63584FE8A2A2}.Debug|Any CPU.Build.0 = Debug|Any CPU
		{D262A180-44B9-4999-BFE8-63584FE8A2A2}.Release|Any CPU.ActiveCfg = Release|Any CPU
		{D262A180-44B9-4999-BFE8-63584FE8A2A2}.Release|Any CPU.Build.0 = Release|Any CPU
	EndGlobalSection
	GlobalSection(SolutionProperties) = preSolution
		HideSolutionNode = FALSE
	EndGlobalSection
	GlobalSection(ExtensibilityGlobals) = postSolution
		SolutionGuid = {45BA8C8B-2E96-4FEB-ACBB-10A1D8990FF8}
	EndGlobalSection
EndGlobal
