
Microsoft Visual Studio Solution File, Format Version 12.00
# Visual Studio Version 17
VisualStudioVersion = 17.1.32414.318
MinimumVisualStudioVersion = 10.0.40219.1
Project("{9A19103F-16F7-4668-BE54-9A1E7A4F7556}") = "exercicioProposto04", "exercicioProposto04\exercicioProposto04.csproj", "{9BC013FD-6042-4934-A314-93FDD4171229}"
EndProject
Global
	GlobalSection(SolutionConfigurationPlatforms) = preSolution
		Debug|Any CPU = Debug|Any CPU
		Release|Any CPU = Release|Any CPU
	EndGlobalSection
	GlobalSection(ProjectConfigurationPlatforms) = postSolution
		{9BC013FD-6042-4934-A314-93FDD4171229}.Debug|Any CPU.ActiveCfg = Debug|Any CPU
		{9BC013FD-6042-4934-A314-93FDD4171229}.Debug|Any CPU.Build.0 = Debug|Any CPU
		{9BC013FD-6042-4934-A314-93FDD4171229}.Release|Any CPU.ActiveCfg = Release|Any CPU
		{9BC013FD-6042-4934-A314-93FDD4171229}.Release|Any CPU.Build.0 = Release|Any CPU
	EndGlobalSection
	GlobalSection(SolutionProperties) = preSolution
		HideSolutionNode = FALSE
	EndGlobalSection
	GlobalSection(ExtensibilityGlobals) = postSolution
		SolutionGuid = {5A9CD1BC-0FF5-4347-99A0-0A659C8F6DD7}
	EndGlobalSection
EndGlobal
