
Microsoft Visual Studio Solution File, Format Version 12.00
# Visual Studio Version 17
VisualStudioVersion = 17.0.32014.148
MinimumVisualStudioVersion = 10.0.40219.1
Project("{FAE04EC0-301F-11D3-BF4B-00C04F79EFBC}") = "problemaExemplo", "problemaExemplo\problemaExemplo.csproj", "{C04D9749-B84B-472A-8EC2-92D80ED3FBB3}"
EndProject
Global
	GlobalSection(SolutionConfigurationPlatforms) = preSolution
		Debug|Any CPU = Debug|Any CPU
		Release|Any CPU = Release|Any CPU
	EndGlobalSection
	GlobalSection(ProjectConfigurationPlatforms) = postSolution
		{C04D9749-B84B-472A-8EC2-92D80ED3FBB3}.Debug|Any CPU.ActiveCfg = Debug|Any CPU
		{C04D9749-B84B-472A-8EC2-92D80ED3FBB3}.Debug|Any CPU.Build.0 = Debug|Any CPU
		{C04D9749-B84B-472A-8EC2-92D80ED3FBB3}.Release|Any CPU.ActiveCfg = Release|Any CPU
		{C04D9749-B84B-472A-8EC2-92D80ED3FBB3}.Release|Any CPU.Build.0 = Release|Any CPU
	EndGlobalSection
	GlobalSection(SolutionProperties) = preSolution
		HideSolutionNode = FALSE
	EndGlobalSection
	GlobalSection(ExtensibilityGlobals) = postSolution
		SolutionGuid = {4656F957-9522-4E7F-A568-6F062D5D8C83}
	EndGlobalSection
EndGlobal
