
Microsoft Visual Studio Solution File, Format Version 12.00
# Visual Studio Version 17
VisualStudioVersion = 17.0.31912.275
MinimumVisualStudioVersion = 10.0.40219.1
Project("{FAE04EC0-301F-11D3-BF4B-00C04F79EFBC}") = "problema1155Uri", "problema1155Uri\problema1155Uri.csproj", "{122B2AEF-2B0F-4458-81E0-56E9DC8143A8}"
EndProject
Global
	GlobalSection(SolutionConfigurationPlatforms) = preSolution
		Debug|Any CPU = Debug|Any CPU
		Release|Any CPU = Release|Any CPU
	EndGlobalSection
	GlobalSection(ProjectConfigurationPlatforms) = postSolution
		{122B2AEF-2B0F-4458-81E0-56E9DC8143A8}.Debug|Any CPU.ActiveCfg = Debug|Any CPU
		{122B2AEF-2B0F-4458-81E0-56E9DC8143A8}.Debug|Any CPU.Build.0 = Debug|Any CPU
		{122B2AEF-2B0F-4458-81E0-56E9DC8143A8}.Release|Any CPU.ActiveCfg = Release|Any CPU
		{122B2AEF-2B0F-4458-81E0-56E9DC8143A8}.Release|Any CPU.Build.0 = Release|Any CPU
	EndGlobalSection
	GlobalSection(SolutionProperties) = preSolution
		HideSolutionNode = FALSE
	EndGlobalSection
	GlobalSection(ExtensibilityGlobals) = postSolution
		SolutionGuid = {4EB5C078-4984-405F-B53B-80015E127E6C}
	EndGlobalSection
EndGlobal
