
Microsoft Visual Studio Solution File, Format Version 12.00
# Visual Studio Version 16
VisualStudioVersion = 16.0.31112.23
MinimumVisualStudioVersion = 10.0.40219.1
Project("{FAE04EC0-301F-11D3-BF4B-00C04F79EFBC}") = "problema1018Uri", "problema1018Uri\problema1018Uri.csproj", "{C227AAE3-FEF4-4DE6-812A-F760BB967CB7}"
EndProject
Global
	GlobalSection(SolutionConfigurationPlatforms) = preSolution
		Debug|Any CPU = Debug|Any CPU
		Release|Any CPU = Release|Any CPU
	EndGlobalSection
	GlobalSection(ProjectConfigurationPlatforms) = postSolution
		{C227AAE3-FEF4-4DE6-812A-F760BB967CB7}.Debug|Any CPU.ActiveCfg = Debug|Any CPU
		{C227AAE3-FEF4-4DE6-812A-F760BB967CB7}.Debug|Any CPU.Build.0 = Debug|Any CPU
		{C227AAE3-FEF4-4DE6-812A-F760BB967CB7}.Release|Any CPU.ActiveCfg = Release|Any CPU
		{C227AAE3-FEF4-4DE6-812A-F760BB967CB7}.Release|Any CPU.Build.0 = Release|Any CPU
	EndGlobalSection
	GlobalSection(SolutionProperties) = preSolution
		HideSolutionNode = FALSE
	EndGlobalSection
	GlobalSection(ExtensibilityGlobals) = postSolution
		SolutionGuid = {E4EBD86D-47CC-4877-838D-AD16F248996C}
	EndGlobalSection
EndGlobal
