
Microsoft Visual Studio Solution File, Format Version 12.00
# Visual Studio Version 16
VisualStudioVersion = 16.0.31410.357
MinimumVisualStudioVersion = 10.0.40219.1
Project("{FAE04EC0-301F-11D3-BF4B-00C04F79EFBC}") = "problema1070Uri", "problema1070Uri\problema1070Uri.csproj", "{0F76D8F3-B56C-4AC3-AFAF-659A1887F48F}"
EndProject
Global
	GlobalSection(SolutionConfigurationPlatforms) = preSolution
		Debug|Any CPU = Debug|Any CPU
		Release|Any CPU = Release|Any CPU
	EndGlobalSection
	GlobalSection(ProjectConfigurationPlatforms) = postSolution
		{0F76D8F3-B56C-4AC3-AFAF-659A1887F48F}.Debug|Any CPU.ActiveCfg = Debug|Any CPU
		{0F76D8F3-B56C-4AC3-AFAF-659A1887F48F}.Debug|Any CPU.Build.0 = Debug|Any CPU
		{0F76D8F3-B56C-4AC3-AFAF-659A1887F48F}.Release|Any CPU.ActiveCfg = Release|Any CPU
		{0F76D8F3-B56C-4AC3-AFAF-659A1887F48F}.Release|Any CPU.Build.0 = Release|Any CPU
	EndGlobalSection
	GlobalSection(SolutionProperties) = preSolution
		HideSolutionNode = FALSE
	EndGlobalSection
	GlobalSection(ExtensibilityGlobals) = postSolution
		SolutionGuid = {E6833468-4FEF-4FDA-B325-A983A94BC239}
	EndGlobalSection
EndGlobal
