
Microsoft Visual Studio Solution File, Format Version 12.00
# Visual Studio Version 17
VisualStudioVersion = 17.1.32414.318
MinimumVisualStudioVersion = 10.0.40219.1
Project("{9A19103F-16F7-4668-BE54-9A1E7A4F7556}") = "exercicioProposto03", "exercicioProposto03\exercicioProposto03.csproj", "{7564C575-E64D-4BF2-BC4A-2ED1CEF9C6E4}"
EndProject
Global
	GlobalSection(SolutionConfigurationPlatforms) = preSolution
		Debug|Any CPU = Debug|Any CPU
		Release|Any CPU = Release|Any CPU
	EndGlobalSection
	GlobalSection(ProjectConfigurationPlatforms) = postSolution
		{7564C575-E64D-4BF2-BC4A-2ED1CEF9C6E4}.Debug|Any CPU.ActiveCfg = Debug|Any CPU
		{7564C575-E64D-4BF2-BC4A-2ED1CEF9C6E4}.Debug|Any CPU.Build.0 = Debug|Any CPU
		{7564C575-E64D-4BF2-BC4A-2ED1CEF9C6E4}.Release|Any CPU.ActiveCfg = Release|Any CPU
		{7564C575-E64D-4BF2-BC4A-2ED1CEF9C6E4}.Release|Any CPU.Build.0 = Release|Any CPU
	EndGlobalSection
	GlobalSection(SolutionProperties) = preSolution
		HideSolutionNode = FALSE
	EndGlobalSection
	GlobalSection(ExtensibilityGlobals) = postSolution
		SolutionGuid = {C7F2EBA6-2E66-4C11-94BA-9B7B3AE7C75A}
	EndGlobalSection
EndGlobal
