
Microsoft Visual Studio Solution File, Format Version 12.00
# Visual Studio Version 17
VisualStudioVersion = 17.0.32014.148
MinimumVisualStudioVersion = 10.0.40219.1
Project("{FAE04EC0-301F-11D3-BF4B-00C04F79EFBC}") = "exercicioProposto2", "exercicioProposto2\exercicioProposto2.csproj", "{A9381275-37CE-4B1D-81E0-1499AEFD1A99}"
EndProject
Global
	GlobalSection(SolutionConfigurationPlatforms) = preSolution
		Debug|Any CPU = Debug|Any CPU
		Release|Any CPU = Release|Any CPU
	EndGlobalSection
	GlobalSection(ProjectConfigurationPlatforms) = postSolution
		{A9381275-37CE-4B1D-81E0-1499AEFD1A99}.Debug|Any CPU.ActiveCfg = Debug|Any CPU
		{A9381275-37CE-4B1D-81E0-1499AEFD1A99}.Debug|Any CPU.Build.0 = Debug|Any CPU
		{A9381275-37CE-4B1D-81E0-1499AEFD1A99}.Release|Any CPU.ActiveCfg = Release|Any CPU
		{A9381275-37CE-4B1D-81E0-1499AEFD1A99}.Release|Any CPU.Build.0 = Release|Any CPU
	EndGlobalSection
	GlobalSection(SolutionProperties) = preSolution
		HideSolutionNode = FALSE
	EndGlobalSection
	GlobalSection(ExtensibilityGlobals) = postSolution
		SolutionGuid = {A589A37E-F9B9-49D2-82B2-D359C36DBD13}
	EndGlobalSection
EndGlobal
