
Microsoft Visual Studio Solution File, Format Version 12.00
# Visual Studio Version 16
VisualStudioVersion = 16.0.31410.357
MinimumVisualStudioVersion = 10.0.40219.1
Project("{FAE04EC0-301F-11D3-BF4B-00C04F79EFBC}") = "problema1037Uri", "problema1037Uri\problema1037Uri.csproj", "{48BB76E3-E193-4487-8070-802C125CB14F}"
EndProject
Global
	GlobalSection(SolutionConfigurationPlatforms) = preSolution
		Debug|Any CPU = Debug|Any CPU
		Release|Any CPU = Release|Any CPU
	EndGlobalSection
	GlobalSection(ProjectConfigurationPlatforms) = postSolution
		{48BB76E3-E193-4487-8070-802C125CB14F}.Debug|Any CPU.ActiveCfg = Debug|Any CPU
		{48BB76E3-E193-4487-8070-802C125CB14F}.Debug|Any CPU.Build.0 = Debug|Any CPU
		{48BB76E3-E193-4487-8070-802C125CB14F}.Release|Any CPU.ActiveCfg = Release|Any CPU
		{48BB76E3-E193-4487-8070-802C125CB14F}.Release|Any CPU.Build.0 = Release|Any CPU
	EndGlobalSection
	GlobalSection(SolutionProperties) = preSolution
		HideSolutionNode = FALSE
	EndGlobalSection
	GlobalSection(ExtensibilityGlobals) = postSolution
		SolutionGuid = {745BDC29-8762-4340-8779-F38E4D17A907}
	EndGlobalSection
EndGlobal
