
Microsoft Visual Studio Solution File, Format Version 12.00
# Visual Studio Version 16
VisualStudioVersion = 16.0.31410.357
MinimumVisualStudioVersion = 10.0.40219.1
Project("{FAE04EC0-301F-11D3-BF4B-00C04F79EFBC}") = "estruturaRepetitivaWhile", "estruturaRepetitivaWhile\estruturaRepetitivaWhile.csproj", "{1402A0D5-A462-461B-BA6B-7ABE6E82B19A}"
EndProject
Global
	GlobalSection(SolutionConfigurationPlatforms) = preSolution
		Debug|Any CPU = Debug|Any CPU
		Release|Any CPU = Release|Any CPU
	EndGlobalSection
	GlobalSection(ProjectConfigurationPlatforms) = postSolution
		{1402A0D5-A462-461B-BA6B-7ABE6E82B19A}.Debug|Any CPU.ActiveCfg = Debug|Any CPU
		{1402A0D5-A462-461B-BA6B-7ABE6E82B19A}.Debug|Any CPU.Build.0 = Debug|Any CPU
		{1402A0D5-A462-461B-BA6B-7ABE6E82B19A}.Release|Any CPU.ActiveCfg = Release|Any CPU
		{1402A0D5-A462-461B-BA6B-7ABE6E82B19A}.Release|Any CPU.Build.0 = Release|Any CPU
	EndGlobalSection
	GlobalSection(SolutionProperties) = preSolution
		HideSolutionNode = FALSE
	EndGlobalSection
	GlobalSection(ExtensibilityGlobals) = postSolution
		SolutionGuid = {00B7A1C5-D578-445E-B2EB-D39CE3EE336A}
	EndGlobalSection
EndGlobal
