
Microsoft Visual Studio Solution File, Format Version 12.00
# Visual Studio Version 16
VisualStudioVersion = 16.0.30907.101
MinimumVisualStudioVersion = 10.0.40219.1
Project("{FAE04EC0-301F-11D3-BF4B-00C04F79EFBC}") = "entradaDeDadosEMudancaDeTipo", "entradaDeDadosEMudancaDeTipo\entradaDeDadosEMudancaDeTipo.csproj", "{271605AB-300D-46D5-A90B-F960DA732B7D}"
EndProject
Global
	GlobalSection(SolutionConfigurationPlatforms) = preSolution
		Debug|Any CPU = Debug|Any CPU
		Release|Any CPU = Release|Any CPU
	EndGlobalSection
	GlobalSection(ProjectConfigurationPlatforms) = postSolution
		{271605AB-300D-46D5-A90B-F960DA732B7D}.Debug|Any CPU.ActiveCfg = Debug|Any CPU
		{271605AB-300D-46D5-A90B-F960DA732B7D}.Debug|Any CPU.Build.0 = Debug|Any CPU
		{271605AB-300D-46D5-A90B-F960DA732B7D}.Release|Any CPU.ActiveCfg = Release|Any CPU
		{271605AB-300D-46D5-A90B-F960DA732B7D}.Release|Any CPU.Build.0 = Release|Any CPU
	EndGlobalSection
	GlobalSection(SolutionProperties) = preSolution
		HideSolutionNode = FALSE
	EndGlobalSection
	GlobalSection(ExtensibilityGlobals) = postSolution
		SolutionGuid = {081D56C1-757B-4C4A-9DF1-3E751721F338}
	EndGlobalSection
EndGlobal
