
Microsoft Visual Studio Solution File, Format Version 12.00
# Visual Studio Version 16
VisualStudioVersion = 16.0.31410.357
MinimumVisualStudioVersion = 10.0.40219.1
Project("{FAE04EC0-301F-11D3-BF4B-00C04F79EFBC}") = "problema1115Uri", "problema1115Uri\problema1115Uri.csproj", "{4AC43658-C36C-489A-B42A-99BF17C4626A}"
EndProject
Global
	GlobalSection(SolutionConfigurationPlatforms) = preSolution
		Debug|Any CPU = Debug|Any CPU
		Release|Any CPU = Release|Any CPU
	EndGlobalSection
	GlobalSection(ProjectConfigurationPlatforms) = postSolution
		{4AC43658-C36C-489A-B42A-99BF17C4626A}.Debug|Any CPU.ActiveCfg = Debug|Any CPU
		{4AC43658-C36C-489A-B42A-99BF17C4626A}.Debug|Any CPU.Build.0 = Debug|Any CPU
		{4AC43658-C36C-489A-B42A-99BF17C4626A}.Release|Any CPU.ActiveCfg = Release|Any CPU
		{4AC43658-C36C-489A-B42A-99BF17C4626A}.Release|Any CPU.Build.0 = Release|Any CPU
	EndGlobalSection
	GlobalSection(SolutionProperties) = preSolution
		HideSolutionNode = FALSE
	EndGlobalSection
	GlobalSection(ExtensibilityGlobals) = postSolution
		SolutionGuid = {953B0800-0844-4AE3-A7D9-0191300D9ABE}
	EndGlobalSection
EndGlobal
