
Microsoft Visual Studio Solution File, Format Version 12.00
# Visual Studio Version 16
VisualStudioVersion = 16.0.31005.135
MinimumVisualStudioVersion = 10.0.40219.1
Project("{FAE04EC0-301F-11D3-BF4B-00C04F79EFBC}") = "problema1001Uri", "problema1001Uri\problema1001Uri.csproj", "{F85FA79A-C8B1-4143-96C8-9EC5739ABCAB}"
EndProject
Global
	GlobalSection(SolutionConfigurationPlatforms) = preSolution
		Debug|Any CPU = Debug|Any CPU
		Release|Any CPU = Release|Any CPU
	EndGlobalSection
	GlobalSection(ProjectConfigurationPlatforms) = postSolution
		{F85FA79A-C8B1-4143-96C8-9EC5739ABCAB}.Debug|Any CPU.ActiveCfg = Debug|Any CPU
		{F85FA79A-C8B1-4143-96C8-9EC5739ABCAB}.Debug|Any CPU.Build.0 = Debug|Any CPU
		{F85FA79A-C8B1-4143-96C8-9EC5739ABCAB}.Release|Any CPU.ActiveCfg = Release|Any CPU
		{F85FA79A-C8B1-4143-96C8-9EC5739ABCAB}.Release|Any CPU.Build.0 = Release|Any CPU
	EndGlobalSection
	GlobalSection(SolutionProperties) = preSolution
		HideSolutionNode = FALSE
	EndGlobalSection
	GlobalSection(ExtensibilityGlobals) = postSolution
		SolutionGuid = {F21E8775-08A2-4914-9B2C-CB5C6A9A6483}
	EndGlobalSection
EndGlobal
