
Microsoft Visual Studio Solution File, Format Version 12.00
# Visual Studio Version 16
VisualStudioVersion = 16.0.31410.357
MinimumVisualStudioVersion = 10.0.40219.1
Project("{FAE04EC0-301F-11D3-BF4B-00C04F79EFBC}") = "problema1064Uri", "problema1064Uri\problema1064Uri.csproj", "{1503DC74-4E8B-4B6B-B94F-89D5617EE087}"
EndProject
Global
	GlobalSection(SolutionConfigurationPlatforms) = preSolution
		Debug|Any CPU = Debug|Any CPU
		Release|Any CPU = Release|Any CPU
	EndGlobalSection
	GlobalSection(ProjectConfigurationPlatforms) = postSolution
		{1503DC74-4E8B-4B6B-B94F-89D5617EE087}.Debug|Any CPU.ActiveCfg = Debug|Any CPU
		{1503DC74-4E8B-4B6B-B94F-89D5617EE087}.Debug|Any CPU.Build.0 = Debug|Any CPU
		{1503DC74-4E8B-4B6B-B94F-89D5617EE087}.Release|Any CPU.ActiveCfg = Release|Any CPU
		{1503DC74-4E8B-4B6B-B94F-89D5617EE087}.Release|Any CPU.Build.0 = Release|Any CPU
	EndGlobalSection
	GlobalSection(SolutionProperties) = preSolution
		HideSolutionNode = FALSE
	EndGlobalSection
	GlobalSection(ExtensibilityGlobals) = postSolution
		SolutionGuid = {4ECE4A63-36E9-4D97-BD8F-4220E6D68B5D}
	EndGlobalSection
EndGlobal
