
Microsoft Visual Studio Solution File, Format Version 12.00
# Visual Studio Version 17
VisualStudioVersion = 17.0.31912.275
MinimumVisualStudioVersion = 10.0.40219.1
Project("{FAE04EC0-301F-11D3-BF4B-00C04F79EFBC}") = "problema1144Uri", "problema1144Uri\problema1144Uri.csproj", "{F842E5B6-B490-4D5F-B73A-3BDB3A86ADB6}"
EndProject
Global
	GlobalSection(SolutionConfigurationPlatforms) = preSolution
		Debug|Any CPU = Debug|Any CPU
		Release|Any CPU = Release|Any CPU
	EndGlobalSection
	GlobalSection(ProjectConfigurationPlatforms) = postSolution
		{F842E5B6-B490-4D5F-B73A-3BDB3A86ADB6}.Debug|Any CPU.ActiveCfg = Debug|Any CPU
		{F842E5B6-B490-4D5F-B73A-3BDB3A86ADB6}.Debug|Any CPU.Build.0 = Debug|Any CPU
		{F842E5B6-B490-4D5F-B73A-3BDB3A86ADB6}.Release|Any CPU.ActiveCfg = Release|Any CPU
		{F842E5B6-B490-4D5F-B73A-3BDB3A86ADB6}.Release|Any CPU.Build.0 = Release|Any CPU
	EndGlobalSection
	GlobalSection(SolutionProperties) = preSolution
		HideSolutionNode = FALSE
	EndGlobalSection
	GlobalSection(ExtensibilityGlobals) = postSolution
		SolutionGuid = {1FEA89F2-5148-400A-99E3-226D852C8272}
	EndGlobalSection
EndGlobal
