
Microsoft Visual Studio Solution File, Format Version 12.00
# Visual Studio Version 17
VisualStudioVersion = 17.0.31912.275
MinimumVisualStudioVersion = 10.0.40219.1
Project("{FAE04EC0-301F-11D3-BF4B-00C04F79EFBC}") = "problema1157Uri", "problema1157Uri\problema1157Uri.csproj", "{0504AAC5-C754-4D5B-9309-96DA4E908DE2}"
EndProject
Global
	GlobalSection(SolutionConfigurationPlatforms) = preSolution
		Debug|Any CPU = Debug|Any CPU
		Release|Any CPU = Release|Any CPU
	EndGlobalSection
	GlobalSection(ProjectConfigurationPlatforms) = postSolution
		{0504AAC5-C754-4D5B-9309-96DA4E908DE2}.Debug|Any CPU.ActiveCfg = Debug|Any CPU
		{0504AAC5-C754-4D5B-9309-96DA4E908DE2}.Debug|Any CPU.Build.0 = Debug|Any CPU
		{0504AAC5-C754-4D5B-9309-96DA4E908DE2}.Release|Any CPU.ActiveCfg = Release|Any CPU
		{0504AAC5-C754-4D5B-9309-96DA4E908DE2}.Release|Any CPU.Build.0 = Release|Any CPU
	EndGlobalSection
	GlobalSection(SolutionProperties) = preSolution
		HideSolutionNode = FALSE
	EndGlobalSection
	GlobalSection(ExtensibilityGlobals) = postSolution
		SolutionGuid = {1D14BABC-E1F6-45C4-84A4-738081EBB244}
	EndGlobalSection
EndGlobal
