
Microsoft Visual Studio Solution File, Format Version 12.00
# Visual Studio Version 16
VisualStudioVersion = 16.0.31313.79
MinimumVisualStudioVersion = 10.0.40219.1
Project("{FAE04EC0-301F-11D3-BF4B-00C04F79EFBC}") = "expressoesComparativas", "expressoesComparativas\expressoesComparativas.csproj", "{74866500-21BF-4A8C-8AAF-313417F23CDE}"
EndProject
Global
	GlobalSection(SolutionConfigurationPlatforms) = preSolution
		Debug|Any CPU = Debug|Any CPU
		Release|Any CPU = Release|Any CPU
	EndGlobalSection
	GlobalSection(ProjectConfigurationPlatforms) = postSolution
		{74866500-21BF-4A8C-8AAF-313417F23CDE}.Debug|Any CPU.ActiveCfg = Debug|Any CPU
		{74866500-21BF-4A8C-8AAF-313417F23CDE}.Debug|Any CPU.Build.0 = Debug|Any CPU
		{74866500-21BF-4A8C-8AAF-313417F23CDE}.Release|Any CPU.ActiveCfg = Release|Any CPU
		{74866500-21BF-4A8C-8AAF-313417F23CDE}.Release|Any CPU.Build.0 = Release|Any CPU
	EndGlobalSection
	GlobalSection(SolutionProperties) = preSolution
		HideSolutionNode = FALSE
	EndGlobalSection
	GlobalSection(ExtensibilityGlobals) = postSolution
		SolutionGuid = {223CF6EB-F56D-4A71-9AE3-CCFE87FF716E}
	EndGlobalSection
EndGlobal
