
Microsoft Visual Studio Solution File, Format Version 12.00
# Visual Studio Version 16
VisualStudioVersion = 16.0.31321.278
MinimumVisualStudioVersion = 10.0.40219.1
Project("{FAE04EC0-301F-11D3-BF4B-00C04F79EFBC}") = "problema1044Uri", "problema1044Uri\problema1044Uri.csproj", "{0DF7E991-57AB-4F9E-9F3B-D6221E7C3FEC}"
EndProject
Global
	GlobalSection(SolutionConfigurationPlatforms) = preSolution
		Debug|Any CPU = Debug|Any CPU
		Release|Any CPU = Release|Any CPU
	EndGlobalSection
	GlobalSection(ProjectConfigurationPlatforms) = postSolution
		{0DF7E991-57AB-4F9E-9F3B-D6221E7C3FEC}.Debug|Any CPU.ActiveCfg = Debug|Any CPU
		{0DF7E991-57AB-4F9E-9F3B-D6221E7C3FEC}.Debug|Any CPU.Build.0 = Debug|Any CPU
		{0DF7E991-57AB-4F9E-9F3B-D6221E7C3FEC}.Release|Any CPU.ActiveCfg = Release|Any CPU
		{0DF7E991-57AB-4F9E-9F3B-D6221E7C3FEC}.Release|Any CPU.Build.0 = Release|Any CPU
	EndGlobalSection
	GlobalSection(SolutionProperties) = preSolution
		HideSolutionNode = FALSE
	EndGlobalSection
	GlobalSection(ExtensibilityGlobals) = postSolution
		SolutionGuid = {6E601B2D-2039-4A2D-AB4C-40C1650E4753}
	EndGlobalSection
EndGlobal
