
Microsoft Visual Studio Solution File, Format Version 12.00
# Visual Studio Version 17
VisualStudioVersion = 17.0.31912.275
MinimumVisualStudioVersion = 10.0.40219.1
Project("{FAE04EC0-301F-11D3-BF4B-00C04F79EFBC}") = "problema1149Uri", "problema1149Uri\problema1149Uri.csproj", "{284D5189-4524-40BB-8F70-E0424294F970}"
EndProject
Global
	GlobalSection(SolutionConfigurationPlatforms) = preSolution
		Debug|Any CPU = Debug|Any CPU
		Release|Any CPU = Release|Any CPU
	EndGlobalSection
	GlobalSection(ProjectConfigurationPlatforms) = postSolution
		{284D5189-4524-40BB-8F70-E0424294F970}.Debug|Any CPU.ActiveCfg = Debug|Any CPU
		{284D5189-4524-40BB-8F70-E0424294F970}.Debug|Any CPU.Build.0 = Debug|Any CPU
		{284D5189-4524-40BB-8F70-E0424294F970}.Release|Any CPU.ActiveCfg = Release|Any CPU
		{284D5189-4524-40BB-8F70-E0424294F970}.Release|Any CPU.Build.0 = Release|Any CPU
	EndGlobalSection
	GlobalSection(SolutionProperties) = preSolution
		HideSolutionNode = FALSE
	EndGlobalSection
	GlobalSection(ExtensibilityGlobals) = postSolution
		SolutionGuid = {0B91E503-53F8-470D-BEEB-0170FC2EA5F3}
	EndGlobalSection
EndGlobal
