
Microsoft Visual Studio Solution File, Format Version 12.00
# Visual Studio Version 16
VisualStudioVersion = 16.0.31410.357
MinimumVisualStudioVersion = 10.0.40219.1
Project("{FAE04EC0-301F-11D3-BF4B-00C04F79EFBC}") = "problema1060Uri", "problema1060Uri\problema1060Uri.csproj", "{AFAAA4A7-4FF2-4792-9009-DC2A8F2F867B}"
EndProject
Global
	GlobalSection(SolutionConfigurationPlatforms) = preSolution
		Debug|Any CPU = Debug|Any CPU
		Release|Any CPU = Release|Any CPU
	EndGlobalSection
	GlobalSection(ProjectConfigurationPlatforms) = postSolution
		{AFAAA4A7-4FF2-4792-9009-DC2A8F2F867B}.Debug|Any CPU.ActiveCfg = Debug|Any CPU
		{AFAAA4A7-4FF2-4792-9009-DC2A8F2F867B}.Debug|Any CPU.Build.0 = Debug|Any CPU
		{AFAAA4A7-4FF2-4792-9009-DC2A8F2F867B}.Release|Any CPU.ActiveCfg = Release|Any CPU
		{AFAAA4A7-4FF2-4792-9009-DC2A8F2F867B}.Release|Any CPU.Build.0 = Release|Any CPU
	EndGlobalSection
	GlobalSection(SolutionProperties) = preSolution
		HideSolutionNode = FALSE
	EndGlobalSection
	GlobalSection(ExtensibilityGlobals) = postSolution
		SolutionGuid = {24492800-0240-42EB-ADDA-1C1B4271780D}
	EndGlobalSection
EndGlobal
