
Microsoft Visual Studio Solution File, Format Version 12.00
# Visual Studio Version 16
VisualStudioVersion = 16.0.31410.357
MinimumVisualStudioVersion = 10.0.40219.1
Project("{FAE04EC0-301F-11D3-BF4B-00C04F79EFBC}") = "problema1048Uri", "problema1048Uri\problema1048Uri.csproj", "{7BF9C5B3-F127-4414-9111-841AD7861681}"
EndProject
Global
	GlobalSection(SolutionConfigurationPlatforms) = preSolution
		Debug|Any CPU = Debug|Any CPU
		Release|Any CPU = Release|Any CPU
	EndGlobalSection
	GlobalSection(ProjectConfigurationPlatforms) = postSolution
		{7BF9C5B3-F127-4414-9111-841AD7861681}.Debug|Any CPU.ActiveCfg = Debug|Any CPU
		{7BF9C5B3-F127-4414-9111-841AD7861681}.Debug|Any CPU.Build.0 = Debug|Any CPU
		{7BF9C5B3-F127-4414-9111-841AD7861681}.Release|Any CPU.ActiveCfg = Release|Any CPU
		{7BF9C5B3-F127-4414-9111-841AD7861681}.Release|Any CPU.Build.0 = Release|Any CPU
	EndGlobalSection
	GlobalSection(SolutionProperties) = preSolution
		HideSolutionNode = FALSE
	EndGlobalSection
	GlobalSection(ExtensibilityGlobals) = postSolution
		SolutionGuid = {163CD183-90A9-4B29-90B4-8D66909B5E7C}
	EndGlobalSection
EndGlobal
