
Microsoft Visual Studio Solution File, Format Version 12.00
# Visual Studio Version 16
VisualStudioVersion = 16.0.31410.357
MinimumVisualStudioVersion = 10.0.40219.1
Project("{FAE04EC0-301F-11D3-BF4B-00C04F79EFBC}") = "problema1073Uri", "problema1073Uri\problema1073Uri.csproj", "{9885C3FB-7621-4433-A61F-3FF8CE0EB37F}"
EndProject
Global
	GlobalSection(SolutionConfigurationPlatforms) = preSolution
		Debug|Any CPU = Debug|Any CPU
		Release|Any CPU = Release|Any CPU
	EndGlobalSection
	GlobalSection(ProjectConfigurationPlatforms) = postSolution
		{9885C3FB-7621-4433-A61F-3FF8CE0EB37F}.Debug|Any CPU.ActiveCfg = Debug|Any CPU
		{9885C3FB-7621-4433-A61F-3FF8CE0EB37F}.Debug|Any CPU.Build.0 = Debug|Any CPU
		{9885C3FB-7621-4433-A61F-3FF8CE0EB37F}.Release|Any CPU.ActiveCfg = Release|Any CPU
		{9885C3FB-7621-4433-A61F-3FF8CE0EB37F}.Release|Any CPU.Build.0 = Release|Any CPU
	EndGlobalSection
	GlobalSection(SolutionProperties) = preSolution
		HideSolutionNode = FALSE
	EndGlobalSection
	GlobalSection(ExtensibilityGlobals) = postSolution
		SolutionGuid = {FDF8D355-B0AD-43F7-BEC7-C5C92BA6F2DF}
	EndGlobalSection
EndGlobal
