
Microsoft Visual Studio Solution File, Format Version 12.00
# Visual Studio Version 16
VisualStudioVersion = 16.0.31112.23
MinimumVisualStudioVersion = 10.0.40219.1
Project("{FAE04EC0-301F-11D3-BF4B-00C04F79EFBC}") = "problema1016Uri", "problema1016Uri\problema1016Uri.csproj", "{5F7D09F5-F72C-4C5E-B361-B444C5FD5512}"
EndProject
Global
	GlobalSection(SolutionConfigurationPlatforms) = preSolution
		Debug|Any CPU = Debug|Any CPU
		Release|Any CPU = Release|Any CPU
	EndGlobalSection
	GlobalSection(ProjectConfigurationPlatforms) = postSolution
		{5F7D09F5-F72C-4C5E-B361-B444C5FD5512}.Debug|Any CPU.ActiveCfg = Debug|Any CPU
		{5F7D09F5-F72C-4C5E-B361-B444C5FD5512}.Debug|Any CPU.Build.0 = Debug|Any CPU
		{5F7D09F5-F72C-4C5E-B361-B444C5FD5512}.Release|Any CPU.ActiveCfg = Release|Any CPU
		{5F7D09F5-F72C-4C5E-B361-B444C5FD5512}.Release|Any CPU.Build.0 = Release|Any CPU
	EndGlobalSection
	GlobalSection(SolutionProperties) = preSolution
		HideSolutionNode = FALSE
	EndGlobalSection
	GlobalSection(ExtensibilityGlobals) = postSolution
		SolutionGuid = {E1766833-BEF6-4AB6-AA40-31971D96E0BA}
	EndGlobalSection
EndGlobal
